
Microsoft Visual Studio Solution File, Format Version 12.00
# Visual Studio Version 17
VisualStudioVersion = 17.5.002.0
MinimumVisualStudioVersion = 10.0.40219.1
Project("{2150E333-8FDC-42A3-9474-1A3956D46DE8}") = "Ejemplos de interbloqueos", "Ejemplos de interbloqueos", "{EE296DF8-F24E-437A-8537-ED90A748ADE9}"
EndProject
Project("{9A19103F-16F7-4668-BE54-9A1E7A4F7556}") = "EjemploEnC#", "Ejemplos de interbloqueos\EjemploEnC#\EjemploEnC#.csproj", "{720B0BD8-67E0-4295-A5C9-23A460773AC1}"
EndProject
Global
	GlobalSection(SolutionConfigurationPlatforms) = preSolution
		Debug|Any CPU = Debug|Any CPU
		Release|Any CPU = Release|Any CPU
	EndGlobalSection
	GlobalSection(ProjectConfigurationPlatforms) = postSolution
		{720B0BD8-67E0-4295-A5C9-23A460773AC1}.Debug|Any CPU.ActiveCfg = Debug|Any CPU
		{720B0BD8-67E0-4295-A5C9-23A460773AC1}.Debug|Any CPU.Build.0 = Debug|Any CPU
		{720B0BD8-67E0-4295-A5C9-23A460773AC1}.Release|Any CPU.ActiveCfg = Release|Any CPU
		{720B0BD8-67E0-4295-A5C9-23A460773AC1}.Release|Any CPU.Build.0 = Release|Any CPU
	EndGlobalSection
	GlobalSection(SolutionProperties) = preSolution
		HideSolutionNode = FALSE
	EndGlobalSection
	GlobalSection(NestedProjects) = preSolution
		{720B0BD8-67E0-4295-A5C9-23A460773AC1} = {EE296DF8-F24E-437A-8537-ED90A748ADE9}
	EndGlobalSection
	GlobalSection(ExtensibilityGlobals) = postSolution
		SolutionGuid = {DBE47611-6EEE-43EB-BF6E-E179191B95AF}
	EndGlobalSection
EndGlobal
